
Microsoft Visual Studio Solution File, Format Version 12.00
# Visual Studio Version 16
VisualStudioVersion = 16.0.808.4
MinimumVisualStudioVersion = 10.0.40219.1
Project("{FAE04EC0-301F-11D3-BF4B-00C04F79EFBC}") = "Alna_1", "Alna_1\Alna_1.csproj", "{55A72205-3A33-4EC2-A86B-306606C8E287}"
EndProject
Global
	GlobalSection(SolutionConfigurationPlatforms) = preSolution
		Debug|Any CPU = Debug|Any CPU
		Release|Any CPU = Release|Any CPU
	EndGlobalSection
	GlobalSection(ProjectConfigurationPlatforms) = postSolution
		{55A72205-3A33-4EC2-A86B-306606C8E287}.Debug|Any CPU.ActiveCfg = Debug|Any CPU
		{55A72205-3A33-4EC2-A86B-306606C8E287}.Debug|Any CPU.Build.0 = Debug|Any CPU
		{55A72205-3A33-4EC2-A86B-306606C8E287}.Release|Any CPU.ActiveCfg = Release|Any CPU
		{55A72205-3A33-4EC2-A86B-306606C8E287}.Release|Any CPU.Build.0 = Release|Any CPU
	EndGlobalSection
	GlobalSection(SolutionProperties) = preSolution
		HideSolutionNode = FALSE
	EndGlobalSection
	GlobalSection(ExtensibilityGlobals) = postSolution
		SolutionGuid = {B41C5D91-4B4F-471C-831E-C563FDBFF0F8}
	EndGlobalSection
EndGlobal
